
Microsoft Visual Studio Solution File, Format Version 12.00
# Visual Studio Version 17
VisualStudioVersion = 17.5.002.0
MinimumVisualStudioVersion = 10.0.40219.1
Project("{9A19103F-16F7-4668-BE54-9A1E7A4F7556}") = "NZwalker", "NZwalker.csproj", "{1F9F9EC2-33CD-4A88-B1F9-B9D58FCCD35A}"
EndProject
Global
	GlobalSection(SolutionConfigurationPlatforms) = preSolution
		Debug|Any CPU = Debug|Any CPU
		Release|Any CPU = Release|Any CPU
	EndGlobalSection
	GlobalSection(ProjectConfigurationPlatforms) = postSolution
		{1F9F9EC2-33CD-4A88-B1F9-B9D58FCCD35A}.Debug|Any CPU.ActiveCfg = Debug|Any CPU
		{1F9F9EC2-33CD-4A88-B1F9-B9D58FCCD35A}.Debug|Any CPU.Build.0 = Debug|Any CPU
		{1F9F9EC2-33CD-4A88-B1F9-B9D58FCCD35A}.Release|Any CPU.ActiveCfg = Release|Any CPU
		{1F9F9EC2-33CD-4A88-B1F9-B9D58FCCD35A}.Release|Any CPU.Build.0 = Release|Any CPU
	EndGlobalSection
	GlobalSection(SolutionProperties) = preSolution
		HideSolutionNode = FALSE
	EndGlobalSection
	GlobalSection(ExtensibilityGlobals) = postSolution
		SolutionGuid = {79ECEC26-2AEF-48DD-BCE7-118D509C2EBC}
	EndGlobalSection
EndGlobal
